// !$*UTF8*$!
{
	archiveVersion = 1;
	classes = {
	};
	objectVersion = 46;
	objects = {

/* Begin PBXBuildFile section */
		EE71A58615F659D400302A89 /* Foundation.framework in Frameworks */ = {isa = PBXBuildFile; fileRef = EE71A58515F659D400302A89 /* Foundation.framework */; };
		EE71A58915F659D400302A89 /* main.m in Sources */ = {isa = PBXBuildFile; fileRef = EE71A58815F659D400302A89 /* main.m */; };
		EE71A59415F659FB00302A89 /* track.gps in CopyFiles */ = {isa = PBXBuildFile; fileRef = EE71A59315F659EB00302A89 /* track.gps */; };
		EE71A59B15F674B100302A89 /* NSDate+SSToolkitAdditions.m in Sources */ = {isa = PBXBuildFile; fileRef = EE71A59A15F6749900302A89 /* NSDate+SSToolkitAdditions.m */; };
/* End PBXBuildFile section */

/* Begin PBXCopyFilesBuildPhase section */
		EE71A57F15F659D400302A89 /* CopyFiles */ = {
			isa = PBXCopyFilesBuildPhase;
			buildActionMask = 12;
			dstPath = "";
			dstSubfolderSpec = 16;
			files = (
				EE71A59415F659FB00302A89 /* track.gps in CopyFiles */,
			);
			runOnlyForDeploymentPostprocessing = 0;
		};
/* End PBXCopyFilesBuildPhase section */

/* Begin PBXFileReference section */
		EE71A58115F659D400302A89 /* gps2gpx */ = {isa = PBXFileReference; explicitFileType = "compiled.mach-o.executable"; includeInIndex = 0; path = gps2gpx; sourceTree = BUILT_PRODUCTS_DIR; };
		EE71A58515F659D400302A89 /* Foundation.framework */ = {isa = PBXFileReference; lastKnownFileType = wrapper.framework; name = Foundation.framework; path = System/Library/Frameworks/Foundation.framework; sourceTree = SDKROOT; };
		EE71A58815F659D400302A89 /* main.m */ = {isa = PBXFileReference; lastKnownFileType = sourcecode.c.objc; path = main.m; sourceTree = "<group>"; };
		EE71A58B15F659D400302A89 /* gps2gpx-Prefix.pch */ = {isa = PBXFileReference; lastKnownFileType = sourcecode.c.h; path = "gps2gpx-Prefix.pch"; sourceTree = "<group>"; };
		EE71A59315F659EB00302A89 /* track.gps */ = {isa = PBXFileReference; lastKnownFileType = file; path = track.gps; sourceTree = "<group>"; };
		EE71A59915F6749900302A89 /* NSDate+SSToolkitAdditions.h */ = {isa = PBXFileReference; lastKnownFileType = sourcecode.c.h; path = "NSDate+SSToolkitAdditions.h"; sourceTree = "<group>"; };
		EE71A59A15F6749900302A89 /* NSDate+SSToolkitAdditions.m */ = {isa = PBXFileReference; lastKnownFileType = sourcecode.c.objc; path = "NSDate+SSToolkitAdditions.m"; sourceTree = "<group>"; };
/* End PBXFileReference section */

/* Begin PBXFrameworksBuildPhase section */
		EE71A57E15F659D400302A89 /* Frameworks */ = {
			isa = PBXFrameworksBuildPhase;
			buildActionMask = 2147483647;
			files = (
				EE71A58615F659D400302A89 /* Foundation.framework in Frameworks */,
			);
			runOnlyForDeploymentPostprocessing = 0;
		};
/* End PBXFrameworksBuildPhase section */

/* Begin PBXGroup section */
		EE71A57615F659D400302A89 = {
			isa = PBXGroup;
			children = (
				EE71A58715F659D400302A89 /* gps2gpx */,
				EE71A58415F659D400302A89 /* Frameworks */,
				EE71A58215F659D400302A89 /* Products */,
			);
			sourceTree = "<group>";
		};
		EE71A58215F659D400302A89 /* Products */ = {
			isa = PBXGroup;
			children = (
				EE71A58115F659D400302A89 /* gps2gpx */,
			);
			name = Products;
			sourceTree = "<group>";
		};
		EE71A58415F659D400302A89 /* Frameworks */ = {
			isa = PBXGroup;
			children = (
				EE71A58515F659D400302A89 /* Foundation.framework */,
			);
			name = Frameworks;
			sourceTree = "<group>";
		};
		EE71A58715F659D400302A89 /* gps2gpx */ = {
			isa = PBXGroup;
			children = (
				EE71A59915F6749900302A89 /* NSDate+SSToolkitAdditions.h */,
				EE71A59A15F6749900302A89 /* NSDate+SSToolkitAdditions.m */,
				EE71A59315F659EB00302A89 /* track.gps */,
				EE71A58815F659D400302A89 /* main.m */,
				EE71A58A15F659D400302A89 /* Supporting Files */,
			);
			path = gps2gpx;
			sourceTree = "<group>";
		};
		EE71A58A15F659D400302A89 /* Supporting Files */ = {
			isa = PBXGroup;
			children = (
				EE71A58B15F659D400302A89 /* gps2gpx-Prefix.pch */,
			);
			name = "Supporting Files";
			sourceTree = "<group>";
		};
/* End PBXGroup section */

/* Begin PBXNativeTarget section */
		EE71A58015F659D400302A89 /* gps2gpx */ = {
			isa = PBXNativeTarget;
			buildConfigurationList = EE71A59015F659D400302A89 /* Build configuration list for PBXNativeTarget "gps2gpx" */;
			buildPhases = (
				EE71A57D15F659D400302A89 /* Sources */,
				EE71A57E15F659D400302A89 /* Frameworks */,
				EE71A57F15F659D400302A89 /* CopyFiles */,
			);
			buildRules = (
			);
			dependencies = (
			);
			name = gps2gpx;
			productName = gps2gpx;
			productReference = EE71A58115F659D400302A89 /* gps2gpx */;
			productType = "com.apple.product-type.tool";
		};
/* End PBXNativeTarget section */

/* Begin PBXProject section */
		EE71A57815F659D400302A89 /* Project object */ = {
			isa = PBXProject;
			attributes = {
				LastUpgradeCheck = 0440;
				ORGANIZATIONNAME = "Jan-Gerd Tenberge";
			};
			buildConfigurationList = EE71A57B15F659D400302A89 /* Build configuration list for PBXProject "gps2gpx" */;
			compatibilityVersion = "Xcode 3.2";
			developmentRegion = English;
			hasScannedForEncodings = 0;
			knownRegions = (
				en,
			);
			mainGroup = EE71A57615F659D400302A89;
			productRefGroup = EE71A58215F659D400302A89 /* Products */;
			projectDirPath = "";
			projectRoot = "";
			targets = (
				EE71A58015F659D400302A89 /* gps2gpx */,
			);
		};
/* End PBXProject section */

/* Begin PBXSourcesBuildPhase section */
		EE71A57D15F659D400302A89 /* Sources */ = {
			isa = PBXSourcesBuildPhase;
			buildActionMask = 2147483647;
			files = (
				EE71A58915F659D400302A89 /* main.m in Sources */,
				EE71A59B15F674B100302A89 /* NSDate+SSToolkitAdditions.m in Sources */,
			);
			runOnlyForDeploymentPostprocessing = 0;
		};
/* End PBXSourcesBuildPhase section */

/* Begin XCBuildConfiguration section */
		EE71A58E15F659D400302A89 /* Debug */ = {
			isa = XCBuildConfiguration;
			buildSettings = {
				ALWAYS_SEARCH_USER_PATHS = NO;
				ARCHS = "$(ARCHS_STANDARD_64_BIT)";
				CLANG_CXX_LANGUAGE_STANDARD = "gnu++0x";
				CLANG_ENABLE_OBJC_ARC = YES;
				CLANG_WARN__DUPLICATE_METHOD_MATCH = YES;
				COPY_PHASE_STRIP = NO;
				GCC_C_LANGUAGE_STANDARD = gnu99;
				GCC_DYNAMIC_NO_PIC = NO;
				GCC_ENABLE_OBJC_EXCEPTIONS = YES;
				GCC_OPTIMIZATION_LEVEL = 0;
				GCC_PREPROCESSOR_DEFINITIONS = (
					"DEBUG=1",
					"$(inherited)",
				);
				GCC_SYMBOLS_PRIVATE_EXTERN = NO;
				GCC_WARN_64_TO_32_BIT_CONVERSION = YES;
				GCC_WARN_ABOUT_RETURN_TYPE = YES;
				GCC_WARN_UNINITIALIZED_AUTOS = YES;
				GCC_WARN_UNUSED_VARIABLE = YES;
				MACOSX_DEPLOYMENT_TARGET = 10.8;
				ONLY_ACTIVE_ARCH = YES;
				SDKROOT = macosx;
			};
			name = Debug;
		};
		EE71A58F15F659D400302A89 /* Release */ = {
			isa = XCBuildConfiguration;
			buildSettings = {
				ALWAYS_SEARCH_USER_PATHS = NO;
				ARCHS = "$(ARCHS_STANDARD_64_BIT)";
				CLANG_CXX_LANGUAGE_STANDARD = "gnu++0x";
				CLANG_ENABLE_OBJC_ARC = YES;
				CLANG_WARN__DUPLICATE_METHOD_MATCH = YES;
				COPY_PHASE_STRIP = YES;
				DEBUG_INFORMATION_FORMAT = "dwarf-with-dsym";
				GCC_C_LANGUAGE_STANDARD = gnu99;
				GCC_ENABLE_OBJC_EXCEPTIONS = YES;
				GCC_WARN_64_TO_32_BIT_CONVERSION = YES;
				GCC_WARN_ABOUT_RETURN_TYPE = YES;
				GCC_WARN_UNINITIALIZED_AUTOS = YES;
				GCC_WARN_UNUSED_VARIABLE = YES;
				MACOSX_DEPLOYMENT_TARGET = 10.8;
				SDKROOT = macosx;
			};
			name = Release;
		};
		EE71A59115F659D400302A89 /* Debug */ = {
			isa = XCBuildConfiguration;
			buildSettings = {
				GCC_PRECOMPILE_PREFIX_HEADER = YES;
				GCC_PREFIX_HEADER = "gps2gpx/gps2gpx-Prefix.pch";
				PRODUCT_NAME = "$(TARGET_NAME)";
			};
			name = Debug;
		};
		EE71A59215F659D400302A89 /* Release */ = {
			isa = XCBuildConfiguration;
			buildSettings = {
				GCC_PRECOMPILE_PREFIX_HEADER = YES;
				GCC_PREFIX_HEADER = "gps2gpx/gps2gpx-Prefix.pch";
				PRODUCT_NAME = "$(TARGET_NAME)";
			};
			name = Release;
		};
/* End XCBuildConfiguration section */

/* Begin XCConfigurationList section */
		EE71A57B15F659D400302A89 /* Build configuration list for PBXProject "gps2gpx" */ = {
			isa = XCConfigurationList;
			buildConfigurations = (
				EE71A58E15F659D400302A89 /* Debug */,
				EE71A58F15F659D400302A89 /* Release */,
			);
			defaultConfigurationIsVisible = 0;
			defaultConfigurationName = Release;
		};
		EE71A59015F659D400302A89 /* Build configuration list for PBXNativeTarget "gps2gpx" */ = {
			isa = XCConfigurationList;
			buildConfigurations = (
				EE71A59115F659D400302A89 /* Debug */,
				EE71A59215F659D400302A89 /* Release */,
			);
			defaultConfigurationIsVisible = 0;
		};
/* End XCConfigurationList section */
	};
	rootObject = EE71A57815F659D400302A89 /* Project object */;
}
